{
	"name": "@hgargg-0710/xml",
	"version": "0.1.0",
	"lockfileVersion": 3,
	"requires": true,
	"packages": {
		"": {
			"name": "@hgargg-0710/xml",
			"version": "0.1.0",
			"dependencies": {
				"@hgargg-0710/one": "0.1.1",
				"@hgargg-0710/parsers.js": "0.1.1"
			}
		},
		"node_modules/@hgargg-0710/one": {
			"version": "0.1.1",
			"resolved": "https://registry.npmjs.org/@hgargg-0710/one/-/one-0.1.1.tgz",
			"integrity": "sha512-oYlBXGUWz5wwn6PThtq9KaEDgE8EW+DekXS5+TCMnHuHiaJZjp5HUwYipDcbgzdR4tGE/kIxElHIIRUloPQ3mg=="
		},
		"node_modules/@hgargg-0710/parsers.js": {
			"version": "0.1.1",
			"resolved": "https://registry.npmjs.org/@hgargg-0710/parsers.js/-/parsers.js-0.1.1.tgz",
			"integrity": "sha512-CfDQrf2ZFgX2Iq6OS3dH2dA967wx/5zZAGMk4+hXsuhz2Uf7fJJsJdVM1bXjWbpTy4bWPR5Y9O9OQgomwqvZ+A==",
			"dependencies": {
				"@hgargg-0710/one": "0.1.1"
			}
		}
	}
}
