{
	"name": "@hgargg-0710/xml",
	"version": "0.1.0",
	"lockfileVersion": 3,
	"requires": true,
	"packages": {
		"": {
			"name": "@hgargg-0710/xml",
			"version": "0.1.0",
			"dependencies": {
				"@hgargg-0710/one": "0.1.1",
				"@hgargg-0710/parsers.js": "0.1.2"
			}
		},
		"node_modules/@hgargg-0710/one": {
			"version": "0.1.1",
			"resolved": "https://registry.npmjs.org/@hgargg-0710/one/-/one-0.1.1.tgz",
			"integrity": "sha512-oYlBXGUWz5wwn6PThtq9KaEDgE8EW+DekXS5+TCMnHuHiaJZjp5HUwYipDcbgzdR4tGE/kIxElHIIRUloPQ3mg=="
		},
		"node_modules/@hgargg-0710/parsers.js": {
			"version": "0.1.2",
			"resolved": "https://registry.npmjs.org/@hgargg-0710/parsers.js/-/parsers.js-0.1.2.tgz",
			"integrity": "sha512-/+ViiWa8f8mRdl7wRx/YdcpD0A0NZSKjVZ8Vh0DjfGjxKambLGtchx/DkEZS/NB9ImcoYa55hEJen0F2Gp7WWQ==",
			"dependencies": {
				"@hgargg-0710/one": "0.1.1"
			}
		}
	}
}
